
Microsoft Visual Studio Solution File, Format Version 12.00
# Visual Studio Version 17
VisualStudioVersion = 17.5.33502.453
MinimumVisualStudioVersion = 10.0.40219.1
Project("{8BC9CEB8-8B4A-11D0-8D11-00A0C91BC942}") = "11.11-5", "11.11-5\11.11-5.vcxproj", "{C06C30A9-0154-45D8-98DB-17DE8AF4D20F}"
EndProject
Global
	GlobalSection(SolutionConfigurationPlatforms) = preSolution
		Debug|x64 = Debug|x64
		Debug|x86 = Debug|x86
		Release|x64 = Release|x64
		Release|x86 = Release|x86
	EndGlobalSection
	GlobalSection(ProjectConfigurationPlatforms) = postSolution
		{C06C30A9-0154-45D8-98DB-17DE8AF4D20F}.Debug|x64.ActiveCfg = Debug|x64
		{C06C30A9-0154-45D8-98DB-17DE8AF4D20F}.Debug|x64.Build.0 = Debug|x64
		{C06C30A9-0154-45D8-98DB-17DE8AF4D20F}.Debug|x86.ActiveCfg = Debug|Win32
		{C06C30A9-0154-45D8-98DB-17DE8AF4D20F}.Debug|x86.Build.0 = Debug|Win32
		{C06C30A9-0154-45D8-98DB-17DE8AF4D20F}.Release|x64.ActiveCfg = Release|x64
		{C06C30A9-0154-45D8-98DB-17DE8AF4D20F}.Release|x64.Build.0 = Release|x64
		{C06C30A9-0154-45D8-98DB-17DE8AF4D20F}.Release|x86.ActiveCfg = Release|Win32
		{C06C30A9-0154-45D8-98DB-17DE8AF4D20F}.Release|x86.Build.0 = Release|Win32
	EndGlobalSection
	GlobalSection(SolutionProperties) = preSolution
		HideSolutionNode = FALSE
	EndGlobalSection
	GlobalSection(ExtensibilityGlobals) = postSolution
		SolutionGuid = {5B9708B3-D820-4B06-9446-44637858479A}
	EndGlobalSection
EndGlobal
